<?xml version="1.0" encoding="utf-8"?>
<Project ToolsVersion="4.0" xmlns:atg="http://atg.xbox.com" xmlns="http://schemas.microsoft.com/developer/msbuild/2003">
  <ItemGroup>
    <Filter Include="Resource Files">
      <UniqueIdentifier>{8e114980-c1a3-4ada-ad7c-83caadf5daeb}</UniqueIdentifier>
      <Extensions>rc;ico;cur;bmp;dlg;rc2;rct;bin;rgs;gif;jpg;jpeg;jpe</Extensions>
    </Filter>
    <Filter Include="DXUT">
      <UniqueIdentifier>{a43c5c25-0e86-4a20-b64a-883785ff74fd}</UniqueIdentifier>
    </Filter>
    <Filter Include="Shaders">
      <UniqueIdentifier>{2c3d4c8c-5d1a-459a-a05a-a4e4b608a44e}</UniqueIdentifier>
      <Extensions>fx;fxh;hlsl</Extensions>
    </Filter>
    <Filter Include="Source">
      <UniqueIdentifier>{4113c842-d915-4486-8d9b-9645626429d3}</UniqueIdentifier>
    </Filter>
    <Filter Include="Include">
      <UniqueIdentifier>{c1585e6f-4e3c-464f-9f15-c0570596772f}</UniqueIdentifier>
    </Filter>
    <Filter Include="IMGUI">
      <UniqueIdentifier>{58d3e3b4-7dc1-4490-98ad-8ea0a2bb6522}</UniqueIdentifier>
    </Filter>
    <Filter Include="IMGUI\Include">
      <UniqueIdentifier>{95c73631-48e2-470b-984e-87790dab05d1}</UniqueIdentifier>
    </Filter>
    <Filter Include="IMGUI\Source">
      <UniqueIdentifier>{de2f6f3c-4648-4491-bf84-e7177c4920d4}</UniqueIdentifier>
    </Filter>
    <Filter Include="Include\ECS">
      <UniqueIdentifier>{380945a6-4f0e-467b-9508-0bcaf6a4ef2f}</UniqueIdentifier>
    </Filter>
    <Filter Include="Source\ECS">
      <UniqueIdentifier>{8a3f5964-3662-420f-b069-0c85c6cf738f}</UniqueIdentifier>
    </Filter>
    <Filter Include="Utilities">
      <UniqueIdentifier>{85026004-ff2a-4378-8893-ff323697cb3a}</UniqueIdentifier>
    </Filter>
    <Filter Include="Utilities\Matrix">
      <UniqueIdentifier>{b7936c1b-f2a0-47b4-9429-a56743e2ee83}</UniqueIdentifier>
    </Filter>
    <Filter Include="Utilities\Memory">
      <UniqueIdentifier>{16435d9e-2343-48a4-9707-87186ecb8c7a}</UniqueIdentifier>
    </Filter>
    <Filter Include="Utilities\Structures">
      <UniqueIdentifier>{de38c8ff-e715-4133-98f4-6ddc661016d7}</UniqueIdentifier>
    </Filter>
    <Filter Include="Utilities\Utilities">
      <UniqueIdentifier>{f7b330e9-ca60-41b6-9da5-43aa11d348d2}</UniqueIdentifier>
    </Filter>
    <Filter Include="Utilities\Vectors">
      <UniqueIdentifier>{56ec6029-266b-4d7a-aa6f-ff5eb90811a2}</UniqueIdentifier>
    </Filter>
  </ItemGroup>
  <ItemGroup>
    <ClCompile Include="Source\Device.cpp">
      <Filter>Source</Filter>
    </ClCompile>
    <ClCompile Include="Source\window.cpp">
      <Filter>Source</Filter>
    </ClCompile>
    <ClCompile Include="Source\BaseApp.cpp">
      <Filter>Source</Filter>
    </ClCompile>
    <ClCompile Include="Source\DeviceContext.cpp">
      <Filter>Source</Filter>
    </ClCompile>
    <ClCompile Include="Source\SwapChain.cpp">
      <Filter>Source</Filter>
    </ClCompile>
    <ClCompile Include="Source\Textrure.cpp">
      <Filter>Source</Filter>
    </ClCompile>
    <ClCompile Include="Source\DepthStencilView.cpp">
      <Filter>Source</Filter>
    </ClCompile>
    <ClCompile Include="Source\RenderTargetView.cpp">
      <Filter>Source</Filter>
    </ClCompile>
    <ClCompile Include="Source\Viewport.cpp">
      <Filter>Source</Filter>
    </ClCompile>
    <ClCompile Include="Source\ShaderProgram.cpp">
      <Filter>Source</Filter>
    </ClCompile>
    <ClCompile Include="Source\SamplerState.cpp">
      <Filter>Source</Filter>
    </ClCompile>
    <ClCompile Include="205Engine.cpp">
      <Filter>Source</Filter>
    </ClCompile>
    <ClCompile Include="Source\Buffer.cpp">
      <Filter>Source</Filter>
    </ClCompile>
    <ClCompile Include="Source\InputLayout.cpp">
      <Filter>Source</Filter>
    </ClCompile>
    <ClCompile Include="Source\ModelLoader.cpp">
      <Filter>Source</Filter>
    </ClCompile>
    <ClCompile Include="Source\UserInterface.cpp">
      <Filter>Source</Filter>
    </ClCompile>
    <ClCompile Include="imgui-docking\imgui-docking\imgui.cpp">
      <Filter>IMGUI\Source</Filter>
    </ClCompile>
    <ClCompile Include="imgui-docking\imgui-docking\imgui_demo.cpp">
      <Filter>IMGUI\Source</Filter>
    </ClCompile>
    <ClCompile Include="imgui-docking\imgui-docking\imgui_draw.cpp">
      <Filter>IMGUI\Source</Filter>
    </ClCompile>
    <ClCompile Include="imgui-docking\imgui-docking\imgui_tables.cpp">
      <Filter>IMGUI\Source</Filter>
    </ClCompile>
    <ClCompile Include="imgui-docking\imgui-docking\imgui_widgets.cpp">
      <Filter>IMGUI\Source</Filter>
    </ClCompile>
    <ClCompile Include="imgui-docking\imgui-docking\backends\imgui_impl_dx11.cpp">
      <Filter>IMGUI\Source</Filter>
    </ClCompile>
    <ClCompile Include="imgui-docking\imgui-docking\backends\imgui_impl_win32.cpp">
      <Filter>IMGUI\Source</Filter>
    </ClCompile>
    <ClCompile Include="Actor.cpp">
      <Filter>Source\ECS</Filter>
    </ClCompile>
    <ClCompile Include="Source\Transform.cpp">
      <Filter>Source\ECS</Filter>
    </ClCompile>
  </ItemGroup>
  <ItemGroup>
    <None Include="205Engine.fx">
      <Filter>Shaders</Filter>
    </None>
  </ItemGroup>
  <ItemGroup>
    <CLInclude Include="resource.h">
      <Filter>Resource Files</Filter>
    </CLInclude>
    <ResourceCompile Include="205Engine.rc">
      <Filter>Resource Files</Filter>
    </ResourceCompile>
    <ClInclude Include="include\Resource.h">
      <Filter>Resource Files</Filter>
    </ClInclude>
    <ClInclude Include="include\Device.h">
      <Filter>Include</Filter>
    </ClInclude>
    <ClInclude Include="include\window.h">
      <Filter>Include</Filter>
    </ClInclude>
    <ClInclude Include="include\PreRequisites.h">
      <Filter>Include</Filter>
    </ClInclude>
    <ClInclude Include="include\BaseApp.h">
      <Filter>Include</Filter>
    </ClInclude>
    <ClInclude Include="include\DeviceContext.h">
      <Filter>Include</Filter>
    </ClInclude>
    <ClInclude Include="include\SwapChain.h">
      <Filter>Include</Filter>
    </ClInclude>
    <ClInclude Include="include\Texture.h">
      <Filter>Include</Filter>
    </ClInclude>
    <ClInclude Include="include\DepthStencilView.h">
      <Filter>Include</Filter>
    </ClInclude>
    <ClInclude Include="include\RenderTargetView.h">
      <Filter>Include</Filter>
    </ClInclude>
    <ClInclude Include="include\Viewport.h">
      <Filter>Include</Filter>
    </ClInclude>
    <ClInclude Include="include\InputLayout.h">
      <Filter>Include</Filter>
    </ClInclude>
    <ClInclude Include="include\ShaderProgram.h">
      <Filter>Include</Filter>
    </ClInclude>
    <ClInclude Include="include\Buffer.h">
      <Filter>Include</Filter>
    </ClInclude>
    <ClInclude Include="include\SamplerState.h">
      <Filter>Include</Filter>
    </ClInclude>
    <ClInclude Include="include\ModelLoader.h">
      <Filter>Include</Filter>
    </ClInclude>
    <ClInclude Include="include\stb_image.h">
      <Filter>Include</Filter>
    </ClInclude>
    <ClInclude Include="..\..\..\..\..\Downloads\imgui-docking\imgui-docking\backends\imgui_impl_dx11.h">
      <Filter>IMGUI\Source</Filter>
    </ClInclude>
    <ClInclude Include="..\..\..\..\..\Downloads\imgui-docking\imgui-docking\backends\imgui_impl_win32.h">
      <Filter>IMGUI\Source</Filter>
    </ClInclude>
    <ClInclude Include="..\..\..\..\..\Downloads\imgui-docking\imgui-docking\imconfig.h">
      <Filter>IMGUI\Include</Filter>
    </ClInclude>
    <ClInclude Include="..\..\..\..\..\Downloads\imgui-docking\imgui-docking\imgui.h">
      <Filter>IMGUI\Include</Filter>
    </ClInclude>
    <ClInclude Include="..\..\..\..\..\Downloads\imgui-docking\imgui-docking\imgui_internal.h">
      <Filter>IMGUI\Include</Filter>
    </ClInclude>
    <ClInclude Include="..\..\..\..\..\Downloads\imgui-docking\imgui-docking\imstb_rectpack.h">
      <Filter>IMGUI\Include</Filter>
    </ClInclude>
    <ClInclude Include="..\..\..\..\..\Downloads\imgui-docking\imgui-docking\imstb_textedit.h">
      <Filter>IMGUI\Include</Filter>
    </ClInclude>
    <ClInclude Include="..\..\..\..\..\Downloads\imgui-docking\imgui-docking\imstb_truetype.h">
      <Filter>IMGUI\Include</Filter>
    </ClInclude>
    <ClInclude Include="include\UserInterface.h">
      <Filter>Include</Filter>
    </ClInclude>
    <ClInclude Include="include\Entity.h">
      <Filter>Include\ECS</Filter>
    </ClInclude>
    <ClInclude Include="include\Actor.h">
      <Filter>Include\ECS</Filter>
    </ClInclude>
    <ClInclude Include="include\MeshComponent.h">
      <Filter>Include\ECS</Filter>
    </ClInclude>
    <ClInclude Include="include\Component.h">
      <Filter>Include\ECS</Filter>
    </ClInclude>
    <ClInclude Include="include\Utilities\Matrix\Matrix2x2.h">
      <Filter>Utilities\Matrix</Filter>
    </ClInclude>
    <ClInclude Include="include\Utilities\Matrix\Matrix3x3.h">
      <Filter>Utilities\Matrix</Filter>
    </ClInclude>
    <ClInclude Include="include\Utilities\Matrix\Matrix4x4.h">
      <Filter>Utilities\Matrix</Filter>
    </ClInclude>
    <ClInclude Include="include\Utilities\Memory\TSharedPointer.h">
      <Filter>Utilities\Memory</Filter>
    </ClInclude>
    <ClInclude Include="include\Utilities\Memory\TStaticPtr.h">
      <Filter>Utilities\Memory</Filter>
    </ClInclude>
    <ClInclude Include="include\Utilities\Memory\TUniquePtr.h">
      <Filter>Utilities\Memory</Filter>
    </ClInclude>
    <ClInclude Include="include\Utilities\Memory\TWeakPointer.h">
      <Filter>Utilities\Memory</Filter>
    </ClInclude>
    <ClInclude Include="include\Utilities\Structures\TArray.h">
      <Filter>Utilities\Structures</Filter>
    </ClInclude>
    <ClInclude Include="include\Utilities\Structures\TMap.h">
      <Filter>Utilities\Structures</Filter>
    </ClInclude>
    <ClInclude Include="include\Utilities\Structures\TPair.h">
      <Filter>Utilities\Structures</Filter>
    </ClInclude>
    <ClInclude Include="include\Utilities\Structures\TSet.h">
      <Filter>Utilities\Structures</Filter>
    </ClInclude>
    <ClInclude Include="include\Utilities\Vectors\Quaternion.h">
      <Filter>Utilities\Vectors</Filter>
    </ClInclude>
    <ClInclude Include="include\Utilities\Vectors\Vector2.h">
      <Filter>Utilities\Vectors</Filter>
    </ClInclude>
    <ClInclude Include="include\Utilities\Vectors\Vector3.h">
      <Filter>Utilities\Vectors</Filter>
    </ClInclude>
    <ClInclude Include="include\Utilities\Vectors\Vector4.h">
      <Filter>Utilities\Vectors</Filter>
    </ClInclude>
    <ClInclude Include="include\Utilities\Utilities\EngineMath.h">
      <Filter>Utilities\Utilities</Filter>
    </ClInclude>
    <ClInclude Include="include\Transform.h">
      <Filter>Include\ECS</Filter>
    </ClInclude>
  </ItemGroup>
  <ItemGroup>
  </ItemGroup>
</Project>